
Microsoft Visual Studio Solution File, Format Version 12.00
# Visual Studio Version 17
VisualStudioVersion = 17.10.34707.107
MinimumVisualStudioVersion = 10.0.40219.1
Project("{FAE04EC0-301F-11D3-BF4B-00C04F79EFBC}") = "WhiteLagoon.Web", "WhiteLagoon.Web\WhiteLagoon.Web.csproj", "{80BB11D6-95BD-4B59-A24F-26BC08252D26}"
EndProject
Project("{FAE04EC0-301F-11D3-BF4B-00C04F79EFBC}") = "WhiteLagoon.Domain", "WhiteLagoon.Domain\WhiteLagoon.Domain.csproj", "{1685C1C5-F59E-4059-ACF4-5AACF3A29DB8}"
EndProject
Project("{FAE04EC0-301F-11D3-BF4B-00C04F79EFBC}") = "WhiteLagoon.Application", "WhiteLagoon.Application\WhiteLagoon.Application.csproj", "{E85DF2F9-6BED-48B7-A540-F4F0DC004C3C}"
EndProject
Project("{FAE04EC0-301F-11D3-BF4B-00C04F79EFBC}") = "WhiteLagoon.Infrastructure", "WhiteLagoon.Infrastructure\WhiteLagoon.Infrastructure.csproj", "{9E19DF1C-A8CB-4AC2-A726-2B0B0E9CC705}"
EndProject
Global
	GlobalSection(SolutionConfigurationPlatforms) = preSolution
		Debug|Any CPU = Debug|Any CPU
		Release|Any CPU = Release|Any CPU
	EndGlobalSection
	GlobalSection(ProjectConfigurationPlatforms) = postSolution
		{80BB11D6-95BD-4B59-A24F-26BC08252D26}.Debug|Any CPU.ActiveCfg = Debug|Any CPU
		{80BB11D6-95BD-4B59-A24F-26BC08252D26}.Debug|Any CPU.Build.0 = Debug|Any CPU
		{80BB11D6-95BD-4B59-A24F-26BC08252D26}.Release|Any CPU.ActiveCfg = Release|Any CPU
		{80BB11D6-95BD-4B59-A24F-26BC08252D26}.Release|Any CPU.Build.0 = Release|Any CPU
		{1685C1C5-F59E-4059-ACF4-5AACF3A29DB8}.Debug|Any CPU.ActiveCfg = Debug|Any CPU
		{1685C1C5-F59E-4059-ACF4-5AACF3A29DB8}.Debug|Any CPU.Build.0 = Debug|Any CPU
		{1685C1C5-F59E-4059-ACF4-5AACF3A29DB8}.Release|Any CPU.ActiveCfg = Release|Any CPU
		{1685C1C5-F59E-4059-ACF4-5AACF3A29DB8}.Release|Any CPU.Build.0 = Release|Any CPU
		{E85DF2F9-6BED-48B7-A540-F4F0DC004C3C}.Debug|Any CPU.ActiveCfg = Debug|Any CPU
		{E85DF2F9-6BED-48B7-A540-F4F0DC004C3C}.Debug|Any CPU.Build.0 = Debug|Any CPU
		{E85DF2F9-6BED-48B7-A540-F4F0DC004C3C}.Release|Any CPU.ActiveCfg = Release|Any CPU
		{E85DF2F9-6BED-48B7-A540-F4F0DC004C3C}.Release|Any CPU.Build.0 = Release|Any CPU
		{9E19DF1C-A8CB-4AC2-A726-2B0B0E9CC705}.Debug|Any CPU.ActiveCfg = Debug|Any CPU
		{9E19DF1C-A8CB-4AC2-A726-2B0B0E9CC705}.Debug|Any CPU.Build.0 = Debug|Any CPU
		{9E19DF1C-A8CB-4AC2-A726-2B0B0E9CC705}.Release|Any CPU.ActiveCfg = Release|Any CPU
		{9E19DF1C-A8CB-4AC2-A726-2B0B0E9CC705}.Release|Any CPU.Build.0 = Release|Any CPU
	EndGlobalSection
	GlobalSection(SolutionProperties) = preSolution
		HideSolutionNode = FALSE
	EndGlobalSection
	GlobalSection(ExtensibilityGlobals) = postSolution
		SolutionGuid = {85E1A041-234A-458C-9841-472A3CBBCC2D}
	EndGlobalSection
EndGlobal
